
Microsoft Visual Studio Solution File, Format Version 12.00
# Visual Studio Version 16
VisualStudioVersion = 16.0.31105.61
MinimumVisualStudioVersion = 10.0.40219.1
Project("{FAE04EC0-301F-11D3-BF4B-00C04F79EFBC}") = "Property Agency", "Property Agency\Property Agency.csproj", "{A2F3C056-37B0-4A57-BB8F-1017AC867012}"
EndProject
Global
	GlobalSection(SolutionConfigurationPlatforms) = preSolution
		Debug|Any CPU = Debug|Any CPU
		Release|Any CPU = Release|Any CPU
	EndGlobalSection
	GlobalSection(ProjectConfigurationPlatforms) = postSolution
		{A2F3C056-37B0-4A57-BB8F-1017AC867012}.Debug|Any CPU.ActiveCfg = Debug|Any CPU
		{A2F3C056-37B0-4A57-BB8F-1017AC867012}.Debug|Any CPU.Build.0 = Debug|Any CPU
		{A2F3C056-37B0-4A57-BB8F-1017AC867012}.Release|Any CPU.ActiveCfg = Release|Any CPU
		{A2F3C056-37B0-4A57-BB8F-1017AC867012}.Release|Any CPU.Build.0 = Release|Any CPU
	EndGlobalSection
	GlobalSection(SolutionProperties) = preSolution
		HideSolutionNode = FALSE
	EndGlobalSection
	GlobalSection(ExtensibilityGlobals) = postSolution
		SolutionGuid = {E7980536-A3E6-4EC5-BA31-78ED0C61ECF6}
	EndGlobalSection
EndGlobal
